
Microsoft Visual Studio Solution File, Format Version 12.00
# Visual Studio Version 16
VisualStudioVersion = 16.0.29806.167
MinimumVisualStudioVersion = 10.0.40219.1
Project("{FAE04EC0-301F-11D3-BF4B-00C04F79EFBC}") = "blackCokatoo", "blackCokatoo\blackCokatoo.csproj", "{DAC2DB12-E7B1-48DE-9A47-9CEAD15B31CA}"
EndProject
Global
	GlobalSection(SolutionConfigurationPlatforms) = preSolution
		Debug|Any CPU = Debug|Any CPU
		Release|Any CPU = Release|Any CPU
	EndGlobalSection
	GlobalSection(ProjectConfigurationPlatforms) = postSolution
		{DAC2DB12-E7B1-48DE-9A47-9CEAD15B31CA}.Debug|Any CPU.ActiveCfg = Debug|Any CPU
		{DAC2DB12-E7B1-48DE-9A47-9CEAD15B31CA}.Debug|Any CPU.Build.0 = Debug|Any CPU
		{DAC2DB12-E7B1-48DE-9A47-9CEAD15B31CA}.Release|Any CPU.ActiveCfg = Release|Any CPU
		{DAC2DB12-E7B1-48DE-9A47-9CEAD15B31CA}.Release|Any CPU.Build.0 = Release|Any CPU
	EndGlobalSection
	GlobalSection(SolutionProperties) = preSolution
		HideSolutionNode = FALSE
	EndGlobalSection
	GlobalSection(ExtensibilityGlobals) = postSolution
		SolutionGuid = {79E0CB1B-FC20-4231-944C-608C678D1F2E}
	EndGlobalSection
EndGlobal
